
Microsoft Visual Studio Solution File, Format Version 12.00
# Visual Studio Version 17
VisualStudioVersion = 17.10.35027.167
MinimumVisualStudioVersion = 10.0.40219.1
Project("{FAE04EC0-301F-11D3-BF4B-00C04F79EFBC}") = "Pharmacy", "Pharmacy\Pharmacy.csproj", "{718B3814-6C7C-4E34-B64A-FD92D48F56BF}"
EndProject
Global
	GlobalSection(SolutionConfigurationPlatforms) = preSolution
		Debug|Any CPU = Debug|Any CPU
		Release|Any CPU = Release|Any CPU
	EndGlobalSection
	GlobalSection(ProjectConfigurationPlatforms) = postSolution
		{718B3814-6C7C-4E34-B64A-FD92D48F56BF}.Debug|Any CPU.ActiveCfg = Debug|Any CPU
		{718B3814-6C7C-4E34-B64A-FD92D48F56BF}.Debug|Any CPU.Build.0 = Debug|Any CPU
		{718B3814-6C7C-4E34-B64A-FD92D48F56BF}.Release|Any CPU.ActiveCfg = Release|Any CPU
		{718B3814-6C7C-4E34-B64A-FD92D48F56BF}.Release|Any CPU.Build.0 = Release|Any CPU
	EndGlobalSection
	GlobalSection(SolutionProperties) = preSolution
		HideSolutionNode = FALSE
	EndGlobalSection
	GlobalSection(ExtensibilityGlobals) = postSolution
		SolutionGuid = {2AE96242-DBA6-49BE-8C5B-A73CD9C0000A}
	EndGlobalSection
EndGlobal
